{
  "version": 4,
  "terraform_version": "1.3.0",
  "serial": 14,
  "lineage": "e6e90c62-e3a0-8f95-67c0-631b9659ce11",
  "outputs": {
    "my_vpc_output": {
      "value": "10.0.0.0/16",
      "type": "string"
    }
  },
  "resources": [
    {
      "mode": "managed",
      "type": "aws_vpc",
      "name": "my_vpc",
      "provider": "provider[\"registry.terraform.io/hashicorp/aws\"]",
      "instances": [
        {
          "schema_version": 1,
          "attributes": {
            "arn": "arn:aws:ec2:ap-southeast-2:689655353897:vpc/vpc-0b194b79cc4f86427",
            "assign_generated_ipv6_cidr_block": false,
            "cidr_block": "10.0.0.0/16",
            "default_network_acl_id": "acl-00b6149392e91f6c9",
            "default_route_table_id": "rtb-01f0452131491b181",
            "default_security_group_id": "sg-062869cc4ab8a2289",
            "dhcp_options_id": "dopt-0f2ff5febd79a6571",
            "enable_dns_hostnames": false,
            "enable_dns_support": true,
            "enable_network_address_usage_metrics": false,
            "id": "vpc-0b194b79cc4f86427",
            "instance_tenancy": "default",
            "ipv4_ipam_pool_id": null,
            "ipv4_netmask_length": null,
            "ipv6_association_id": "",
            "ipv6_cidr_block": "",
            "ipv6_cidr_block_network_border_group": "",
            "ipv6_ipam_pool_id": "",
            "ipv6_netmask_length": 0,
            "main_route_table_id": "rtb-01f0452131491b181",
            "owner_id": "689655353897",
            "tags": {
              "Environment": "Dev",
              "Location": "Australia",
              "Name": "TerraformVPC"
            },
            "tags_all": {
              "Environment": "Dev",
              "Location": "Australia",
              "Name": "TerraformVPC"
            }
          },
          "sensitive_attributes": [],
          "private": "eyJzY2hlbWFfdmVyc2lvbiI6IjEifQ=="
        }
      ]
    }
  ],
  "check_results": []
}
